version: 6
environments:
  default:
    channels:
    - url: https://conda.anaconda.org/conda-forge/
    indexes:
    - https://pypi.org/simple
    packages:
      osx-64:
      - conda: https://conda.anaconda.org/conda-forge/osx-64/brotli-1.1.0-h00291cd_2.conda
      - conda: https://conda.anaconda.org/conda-forge/osx-64/brotli-bin-1.1.0-h00291cd_2.conda
      - conda: https://conda.anaconda.org/conda-forge/osx-64/bzip2-1.0.8-hfdf4475_7.conda
      - conda: https://conda.anaconda.org/conda-forge/osx-64/c-ares-1.34.5-hf13058a_0.conda
      - conda: https://conda.anaconda.org/conda-forge/noarch/ca-certificates-2025.1.31-hbd8a1cb_1.conda
      - conda: https://conda.anaconda.org/conda-forge/osx-64/cartopy-0.24.0-py313h38cdd20_0.conda
      - conda: https://conda.anaconda.org/conda-forge/noarch/certifi-2025.1.31-pyhd8ed1ab_0.conda
      - conda: https://conda.anaconda.org/conda-forge/noarch/cf_xarray-0.10.5-pyhd8ed1ab_0.conda
      - conda: https://conda.anaconda.org/conda-forge/osx-64/contourpy-1.3.2-py313ha0b1807_0.conda
      - conda: https://conda.anaconda.org/conda-forge/osx-64/crc32c-2.7.1-py313h63b0ddb_1.conda
      - conda: https://conda.anaconda.org/conda-forge/noarch/cycler-0.12.1-pyhd8ed1ab_1.conda
      - conda: https://conda.anaconda.org/conda-forge/noarch/deprecated-1.2.18-pyhd8ed1ab_0.conda
      - conda: https://conda.anaconda.org/conda-forge/noarch/donfig-0.8.1.post1-pyhd8ed1ab_1.conda
      - conda: https://conda.anaconda.org/conda-forge/noarch/easygems-0.0.14-pyhd8ed1ab_1.conda
      - conda: https://conda.anaconda.org/conda-forge/osx-64/fonttools-4.57.0-py313h717bdf5_0.conda
      - conda: https://conda.anaconda.org/conda-forge/osx-64/freetype-2.13.3-h694c41f_1.conda
      - conda: https://conda.anaconda.org/conda-forge/osx-64/geos-3.13.1-h502464c_0.conda
      - conda: https://conda.anaconda.org/conda-forge/osx-64/healpix-2024.2-py313h8f4588c_2.conda
      - conda: https://conda.anaconda.org/conda-forge/osx-64/kiwisolver-1.4.7-py313h0c4e38b_0.conda
      - conda: https://conda.anaconda.org/conda-forge/osx-64/krb5-1.21.3-h37d8d59_0.conda
      - conda: https://conda.anaconda.org/conda-forge/osx-64/lcms2-2.17-h72f5680_0.conda
      - conda: https://conda.anaconda.org/conda-forge/osx-64/lerc-4.0.0-hcca01a6_1.conda
      - conda: https://conda.anaconda.org/conda-forge/osx-64/libblas-3.9.0-31_h7f60823_openblas.conda
      - conda: https://conda.anaconda.org/conda-forge/osx-64/libbrotlicommon-1.1.0-h00291cd_2.conda
      - conda: https://conda.anaconda.org/conda-forge/osx-64/libbrotlidec-1.1.0-h00291cd_2.conda
      - conda: https://conda.anaconda.org/conda-forge/osx-64/libbrotlienc-1.1.0-h00291cd_2.conda
      - conda: https://conda.anaconda.org/conda-forge/osx-64/libcblas-3.9.0-31_hff6cab4_openblas.conda
      - conda: https://conda.anaconda.org/conda-forge/osx-64/libcurl-8.13.0-h5dec5d8_0.conda
      - conda: https://conda.anaconda.org/conda-forge/osx-64/libcxx-20.1.3-hf95d169_0.conda
      - conda: https://conda.anaconda.org/conda-forge/osx-64/libdeflate-1.23-hcc1b750_0.conda
      - conda: https://conda.anaconda.org/conda-forge/osx-64/libedit-3.1.20250104-pl5321ha958ccf_0.conda
      - conda: https://conda.anaconda.org/conda-forge/osx-64/libev-4.33-h10d778d_2.conda
      - conda: https://conda.anaconda.org/conda-forge/osx-64/libexpat-2.7.0-h240833e_0.conda
      - conda: https://conda.anaconda.org/conda-forge/osx-64/libffi-3.4.6-h281671d_1.conda
      - conda: https://conda.anaconda.org/conda-forge/osx-64/libfreetype-2.13.3-h694c41f_1.conda
      - conda: https://conda.anaconda.org/conda-forge/osx-64/libfreetype6-2.13.3-h40dfd5c_1.conda
      - conda: https://conda.anaconda.org/conda-forge/osx-64/libgfortran-14.2.0-hef36b68_105.conda
      - conda: https://conda.anaconda.org/conda-forge/osx-64/libgfortran5-14.2.0-h58528f3_105.conda
      - conda: https://conda.anaconda.org/conda-forge/osx-64/libjpeg-turbo-3.1.0-h6e16a3a_0.conda
      - conda: https://conda.anaconda.org/conda-forge/osx-64/liblapack-3.9.0-31_h236ab99_openblas.conda
      - conda: https://conda.anaconda.org/conda-forge/osx-64/liblzma-5.8.1-hd471939_0.conda
      - conda: https://conda.anaconda.org/conda-forge/osx-64/libmpdec-4.0.0-hfdf4475_0.conda
      - conda: https://conda.anaconda.org/conda-forge/osx-64/libnghttp2-1.64.0-hc7306c3_0.conda
      - conda: https://conda.anaconda.org/conda-forge/osx-64/libopenblas-0.3.29-openmp_hbf64a52_0.conda
      - conda: https://conda.anaconda.org/conda-forge/osx-64/libpng-1.6.47-h3c4a55f_0.conda
      - conda: https://conda.anaconda.org/conda-forge/osx-64/libsqlite-3.49.1-hdb6dae5_2.conda
      - conda: https://conda.anaconda.org/conda-forge/osx-64/libssh2-1.11.1-h3dc7d44_0.conda
      - conda: https://conda.anaconda.org/conda-forge/osx-64/libtiff-4.7.0-hb77a491_4.conda
      - conda: https://conda.anaconda.org/conda-forge/osx-64/libwebp-base-1.5.0-h6cf52b4_0.conda
      - conda: https://conda.anaconda.org/conda-forge/osx-64/libxcb-1.17.0-hf1f96e2_0.conda
      - conda: https://conda.anaconda.org/conda-forge/osx-64/libzlib-1.3.1-hd23fc13_2.conda
      - conda: https://conda.anaconda.org/conda-forge/osx-64/llvm-openmp-20.1.3-ha54dae1_0.conda
      - conda: https://conda.anaconda.org/conda-forge/osx-64/matplotlib-base-3.10.1-py313he981572_0.conda
      - conda: https://conda.anaconda.org/conda-forge/osx-64/msgpack-python-1.1.0-py313h0c4e38b_0.conda
      - conda: https://conda.anaconda.org/conda-forge/noarch/munkres-1.1.4-pyh9f0ad1d_0.tar.bz2
      - conda: https://conda.anaconda.org/conda-forge/osx-64/ncurses-6.5-h0622a9a_3.conda
      - conda: https://conda.anaconda.org/conda-forge/osx-64/numcodecs-0.15.1-py313h2e7108f_0.conda
      - conda: https://conda.anaconda.org/conda-forge/osx-64/numpy-2.2.5-py313hc518a0f_0.conda
      - conda: https://conda.anaconda.org/conda-forge/osx-64/openjpeg-2.5.3-h7fd6d84_0.conda
      - conda: https://conda.anaconda.org/conda-forge/osx-64/openssl-3.5.0-hc426f3f_0.conda
      - conda: https://conda.anaconda.org/conda-forge/noarch/packaging-25.0-pyh29332c3_1.conda
      - conda: https://conda.anaconda.org/conda-forge/osx-64/pandas-2.2.3-py313h2e7108f_3.conda
      - conda: https://conda.anaconda.org/conda-forge/osx-64/pillow-11.1.0-py313h0c4f865_0.conda
      - conda: https://conda.anaconda.org/conda-forge/osx-64/proj-9.6.0-h5273da6_1.conda
      - conda: https://conda.anaconda.org/conda-forge/osx-64/pthread-stubs-0.4-h00291cd_1002.conda
      - conda: https://conda.anaconda.org/conda-forge/noarch/pyparsing-3.2.3-pyhd8ed1ab_1.conda
      - conda: https://conda.anaconda.org/conda-forge/osx-64/pyproj-3.7.1-py313h0718947_1.conda
      - conda: https://conda.anaconda.org/conda-forge/noarch/pyshp-2.3.1-pyhd8ed1ab_1.conda
      - conda: https://conda.anaconda.org/conda-forge/osx-64/python-3.13.3-h534c281_101_cp313.conda
      - conda: https://conda.anaconda.org/conda-forge/noarch/python-dateutil-2.9.0.post0-pyhff2d567_1.conda
      - conda: https://conda.anaconda.org/conda-forge/noarch/python-tzdata-2025.2-pyhd8ed1ab_0.conda
      - conda: https://conda.anaconda.org/conda-forge/noarch/python_abi-3.13-7_cp313.conda
      - conda: https://conda.anaconda.org/conda-forge/noarch/pytz-2025.2-pyhd8ed1ab_0.conda
      - conda: https://conda.anaconda.org/conda-forge/osx-64/pyyaml-6.0.2-py313h717bdf5_2.conda
      - conda: https://conda.anaconda.org/conda-forge/osx-64/qhull-2020.2-h3c5361c_5.conda
      - conda: https://conda.anaconda.org/conda-forge/osx-64/readline-8.2-h7cca4af_2.conda
      - conda: https://conda.anaconda.org/conda-forge/osx-64/scipy-1.15.2-py313h7e69c36_0.conda
      - conda: https://conda.anaconda.org/conda-forge/osx-64/shapely-2.1.0-py313h11e92a8_0.conda
      - conda: https://conda.anaconda.org/conda-forge/noarch/six-1.17.0-pyhd8ed1ab_0.conda
      - conda: https://conda.anaconda.org/conda-forge/osx-64/sqlite-3.49.1-h2e4c9dc_2.conda
      - conda: https://conda.anaconda.org/conda-forge/osx-64/tk-8.6.13-h1abcd95_1.conda
      - conda: https://conda.anaconda.org/conda-forge/noarch/typing_extensions-4.13.2-pyh29332c3_0.conda
      - conda: https://conda.anaconda.org/conda-forge/noarch/tzdata-2025b-h78e105d_0.conda
      - conda: https://conda.anaconda.org/conda-forge/osx-64/wrapt-1.17.2-py313h63b0ddb_0.conda
      - conda: https://conda.anaconda.org/conda-forge/noarch/xarray-2025.3.1-pyhd8ed1ab_0.conda
      - conda: https://conda.anaconda.org/conda-forge/osx-64/xorg-libxau-1.0.12-h6e16a3a_0.conda
      - conda: https://conda.anaconda.org/conda-forge/osx-64/xorg-libxdmcp-1.1.5-h00291cd_0.conda
      - conda: https://conda.anaconda.org/conda-forge/osx-64/yaml-0.2.5-h0d85af4_2.tar.bz2
      - conda: https://conda.anaconda.org/conda-forge/noarch/zarr-3.0.7-pyhd8ed1ab_0.conda
      - conda: https://conda.anaconda.org/conda-forge/osx-64/zstd-1.5.7-h8210216_2.conda
      - pypi: .
packages:
- conda: https://conda.anaconda.org/conda-forge/osx-64/brotli-1.1.0-h00291cd_2.conda
  sha256: 624954bc08b3d7885a58c7d547282cfb9a201ce79b748b358f801de53e20f523
  md5: 2db0c38a7f2321c5bdaf32b181e832c7
  depends:
  - __osx >=10.13
  - brotli-bin 1.1.0 h00291cd_2
  - libbrotlidec 1.1.0 h00291cd_2
  - libbrotlienc 1.1.0 h00291cd_2
  license: MIT
  license_family: MIT
  purls: []
  size: 19450
  timestamp: 1725267851605
- conda: https://conda.anaconda.org/conda-forge/osx-64/brotli-bin-1.1.0-h00291cd_2.conda
  sha256: 642a8492491109fd8270c1e2c33b18126712df0cedb94aaa2b1c6b02505a4bfa
  md5: 049933ecbf552479a12c7917f0a4ce59
  depends:
  - __osx >=10.13
  - libbrotlidec 1.1.0 h00291cd_2
  - libbrotlienc 1.1.0 h00291cd_2
  license: MIT
  license_family: MIT
  purls: []
  size: 16643
  timestamp: 1725267837325
- conda: https://conda.anaconda.org/conda-forge/osx-64/bzip2-1.0.8-hfdf4475_7.conda
  sha256: cad153608b81fb24fc8c509357daa9ae4e49dfc535b2cb49b91e23dbd68fc3c5
  md5: 7ed4301d437b59045be7e051a0308211
  depends:
  - __osx >=10.13
  license: bzip2-1.0.6
  license_family: BSD
  purls: []
  size: 134188
  timestamp: 1720974491916
- conda: https://conda.anaconda.org/conda-forge/osx-64/c-ares-1.34.5-hf13058a_0.conda
  sha256: b37f5dacfe1c59e0a207c1d65489b760dff9ddb97b8df7126ceda01692ba6e97
  md5: eafe5d9f1a8c514afe41e6e833f66dfd
  depends:
  - __osx >=10.13
  license: MIT
  license_family: MIT
  purls: []
  size: 184824
  timestamp: 1744128064511
- conda: https://conda.anaconda.org/conda-forge/noarch/ca-certificates-2025.1.31-hbd8a1cb_1.conda
  sha256: 43878eddf8eb46e3ba7fcbe77a2f8d00aab9a66d9ff63bc4d072b7af17481197
  md5: e74273d9fc5ab633d613cde474b55157
  depends:
  - __unix
  license: ISC
  purls: []
  size: 158834
  timestamp: 1745260472197
- conda: https://conda.anaconda.org/conda-forge/osx-64/cartopy-0.24.0-py313h38cdd20_0.conda
  sha256: daf1390d179a3cab4ed1e11aa231734baae44b5be9927837b72ef4e891e1a2d8
  md5: 643a5c9b4b4367dbfbb7430575fb6285
  depends:
  - __osx >=10.13
  - libcxx >=17
  - matplotlib-base >=3.6
  - numpy >=1.21,<3
  - packaging >=21
  - pyproj >=3.3.1
  - pyshp >=2.3
  - python >=3.13.0rc3,<3.14.0a0
  - python_abi 3.13.* *_cp313
  - shapely >=1.8
  license: BSD-3-Clause
  license_family: BSD
  purls:
  - pkg:pypi/cartopy?source=hash-mapping
  size: 1516941
  timestamp: 1728342404031
- conda: https://conda.anaconda.org/conda-forge/noarch/certifi-2025.1.31-pyhd8ed1ab_0.conda
  sha256: 42a78446da06a2568cb13e69be3355169fbd0ea424b00fc80b7d840f5baaacf3
  md5: c207fa5ac7ea99b149344385a9c0880d
  depends:
  - python >=3.9
  license: ISC
  purls:
  - pkg:pypi/certifi?source=compressed-mapping
  size: 162721
  timestamp: 1739515973129
- conda: https://conda.anaconda.org/conda-forge/noarch/cf_xarray-0.10.5-pyhd8ed1ab_0.conda
  sha256: e0417ce8ec385af4681b2173b5ec2450f6fff8fd0735ae624c08b6d7fe107ceb
  md5: 48be68c1ca1d89f67e62de82f82564dc
  depends:
  - python >=3.10
  - xarray >=2023.09.0
  license: Apache-2.0
  license_family: APACHE
  purls:
  - pkg:pypi/cf-xarray?source=hash-mapping
  size: 63636
  timestamp: 1744724715408
- conda: https://conda.anaconda.org/conda-forge/osx-64/contourpy-1.3.2-py313ha0b1807_0.conda
  sha256: 1aae5a85b7fce44717c77a4f59d465b375ccba7b73cca8500a241acd8f6afe2d
  md5: 2c2d1f840df1c512b34e0537ef928169
  depends:
  - __osx >=10.13
  - libcxx >=18
  - numpy >=1.23
  - python >=3.13,<3.14.0a0
  - python_abi 3.13.* *_cp313
  license: BSD-3-Clause
  license_family: BSD
  purls:
  - pkg:pypi/contourpy?source=hash-mapping
  size: 256791
  timestamp: 1744743360600
- conda: https://conda.anaconda.org/conda-forge/osx-64/crc32c-2.7.1-py313h63b0ddb_1.conda
  sha256: 5f7856c199a8db60eb70280961453baa2194bd66febab97201eb0ff2823dbe4c
  md5: 6aed32017e67144b86aafc5ad80a6e99
  depends:
  - __osx >=10.13
  - python >=3.13,<3.14.0a0
  - python_abi 3.13.* *_cp313
  license: LGPL-2.1-or-later
  license_family: LGPL
  purls:
  - pkg:pypi/crc32c?source=hash-mapping
  size: 48759
  timestamp: 1741391762632
- conda: https://conda.anaconda.org/conda-forge/noarch/cycler-0.12.1-pyhd8ed1ab_1.conda
  sha256: 9827efa891e507a91a8a2acf64e210d2aff394e1cde432ad08e1f8c66b12293c
  md5: 44600c4667a319d67dbe0681fc0bc833
  depends:
  - python >=3.9
  license: BSD-3-Clause
  license_family: BSD
  purls:
  - pkg:pypi/cycler?source=hash-mapping
  size: 13399
  timestamp: 1733332563512
- conda: https://conda.anaconda.org/conda-forge/noarch/deprecated-1.2.18-pyhd8ed1ab_0.conda
  sha256: d614bcff10696f1efc714df07651b50bf3808401fcc03814309ecec242cc8870
  md5: 0cef44b1754ae4d6924ac0eef6b9fdbe
  depends:
  - python >=3.9
  - wrapt <2,>=1.10
  license: MIT
  license_family: MIT
  purls:
  - pkg:pypi/deprecated?source=hash-mapping
  size: 14382
  timestamp: 1737987072859
- conda: https://conda.anaconda.org/conda-forge/noarch/donfig-0.8.1.post1-pyhd8ed1ab_1.conda
  sha256: d58e97d418f71703e822c422af5b9c431e3621a0ecdc8b0334c1ca33e076dfe7
  md5: c56a7fa5597ad78b62e1f5d21f7f8b8f
  depends:
  - python >=3.9
  - pyyaml
  license: MIT
  license_family: MIT
  purls:
  - pkg:pypi/donfig?source=hash-mapping
  size: 22491
  timestamp: 1734368817583
- conda: https://conda.anaconda.org/conda-forge/noarch/easygems-0.0.14-pyhd8ed1ab_1.conda
  sha256: 57205ad7ba3e00db2f720ccf27e483b9a7134afbaa6be964611261188f2393b1
  md5: c2404068f7f85d9d1a6a213b4ac58b5c
  depends:
  - cartopy
  - cf_xarray
  - healpix
  - matplotlib-base
  - numpy
  - python >=3.10
  - scipy
  - xarray
  license: MIT
  license_family: MIT
  purls:
  - pkg:pypi/easygems?source=hash-mapping
  size: 12327
  timestamp: 1737302587206
- conda: https://conda.anaconda.org/conda-forge/osx-64/fonttools-4.57.0-py313h717bdf5_0.conda
  sha256: 8db8db18d55e5caf5b81506fcd918816bf3afbc702830ce4ff470f2db19c4bfe
  md5: 190b8625dd6c38afe4f10e3be50122e4
  depends:
  - __osx >=10.13
  - brotli
  - munkres
  - python >=3.13,<3.14.0a0
  - python_abi 3.13.* *_cp313
  license: MIT
  license_family: MIT
  purls:
  - pkg:pypi/fonttools?source=hash-mapping
  size: 2782598
  timestamp: 1743732450936
- conda: https://conda.anaconda.org/conda-forge/osx-64/freetype-2.13.3-h694c41f_1.conda
  sha256: e2870e983889eec73fdc0d4ab27d3f6501de4750ffe32d7d0a3a287f00bc2f15
  md5: 126dba1baf5030cb6f34533718924577
  depends:
  - libfreetype 2.13.3 h694c41f_1
  - libfreetype6 2.13.3 h40dfd5c_1
  license: GPL-2.0-only OR FTL
  purls: []
  size: 172649
  timestamp: 1745370231293
- conda: https://conda.anaconda.org/conda-forge/osx-64/geos-3.13.1-h502464c_0.conda
  sha256: d2ec00b2600ebda6ec5f953d5e65eacdb66f356acc7dd952bb42e2bf7a22b602
  md5: 480d6bc3033367f3d7b412cc5a9e0819
  depends:
  - __osx >=10.13
  - libcxx >=18
  license: LGPL-2.1-only
  purls: []
  size: 1562536
  timestamp: 1741051661501
- conda: https://conda.anaconda.org/conda-forge/osx-64/healpix-2024.2-py313h8f4588c_2.conda
  sha256: 8a5f81ea57659ebbe628923d45b406e164a01bbfcab527d81727475acbac8e20
  md5: 5a7c14df0d6289b420088c158cdb6960
  depends:
  - __osx >=10.13
  - numpy >=1.21,<3
  - python >=3.13.0rc1,<3.14.0a0
  - python_abi 3.13.* *_cp313
  license: BSD-3-Clause
  license_family: BSD
  purls:
  - pkg:pypi/healpix?source=hash-mapping
  size: 35390
  timestamp: 1725764585261
- conda: https://conda.anaconda.org/conda-forge/osx-64/kiwisolver-1.4.7-py313h0c4e38b_0.conda
  sha256: bb16cd5699a7e1ffc201a70be8ffa7d64b12bd3d96c5ce8f0eeb4c648ce64017
  md5: c37fceab459e104e77bb5456e219fc37
  depends:
  - __osx >=10.13
  - libcxx >=17
  - python >=3.13.0rc1,<3.14.0a0
  - python_abi 3.13.* *_cp313
  license: BSD-3-Clause
  license_family: BSD
  purls:
  - pkg:pypi/kiwisolver?source=hash-mapping
  size: 62066
  timestamp: 1725459632070
- conda: https://conda.anaconda.org/conda-forge/osx-64/krb5-1.21.3-h37d8d59_0.conda
  sha256: 83b52685a4ce542772f0892a0f05764ac69d57187975579a0835ff255ae3ef9c
  md5: d4765c524b1d91567886bde656fb514b
  depends:
  - __osx >=10.13
  - libcxx >=16
  - libedit >=3.1.20191231,<3.2.0a0
  - libedit >=3.1.20191231,<4.0a0
  - openssl >=3.3.1,<4.0a0
  license: MIT
  license_family: MIT
  purls: []
  size: 1185323
  timestamp: 1719463492984
- conda: https://conda.anaconda.org/conda-forge/osx-64/lcms2-2.17-h72f5680_0.conda
  sha256: bcb81543e49ff23e18dea79ef322ab44b8189fb11141b1af99d058503233a5fc
  md5: bf210d0c63f2afb9e414a858b79f0eaa
  depends:
  - __osx >=10.13
  - libjpeg-turbo >=3.0.0,<4.0a0
  - libtiff >=4.7.0,<4.8.0a0
  license: MIT
  license_family: MIT
  purls: []
  size: 226001
  timestamp: 1739161050843
- conda: https://conda.anaconda.org/conda-forge/osx-64/lerc-4.0.0-hcca01a6_1.conda
  sha256: cc1f1d7c30aa29da4474ec84026ec1032a8df1d7ec93f4af3b98bb793d01184e
  md5: 21f765ced1a0ef4070df53cb425e1967
  depends:
  - __osx >=10.13
  - libcxx >=18
  license: Apache-2.0
  license_family: Apache
  purls: []
  size: 248882
  timestamp: 1745264331196
- conda: https://conda.anaconda.org/conda-forge/osx-64/libblas-3.9.0-31_h7f60823_openblas.conda
  build_number: 31
  sha256: 2192f9cfa72a1a6127eb1c57a9662eb1b44c6506f2b7517cf021f1262d2bf56d
  md5: a8c1c9f95d1c46d67028a6146c1ea77c
  depends:
  - libopenblas >=0.3.29,<0.3.30.0a0
  - libopenblas >=0.3.29,<1.0a0
  constrains:
  - libcblas =3.9.0=31*_openblas
  - liblapacke =3.9.0=31*_openblas
  - blas =2.131=openblas
  - mkl <2025
  - liblapack =3.9.0=31*_openblas
  license: BSD-3-Clause
  license_family: BSD
  purls: []
  size: 17105
  timestamp: 1740087945188
- conda: https://conda.anaconda.org/conda-forge/osx-64/libbrotlicommon-1.1.0-h00291cd_2.conda
  sha256: b377056470a9fb4a100aa3c51b3581aab6496ba84d21cd99bcc1d5ef0359b1b6
  md5: 58f2c4bdd56c46cc7451596e4ae68e0b
  depends:
  - __osx >=10.13
  license: MIT
  license_family: MIT
  purls: []
  size: 67267
  timestamp: 1725267768667
- conda: https://conda.anaconda.org/conda-forge/osx-64/libbrotlidec-1.1.0-h00291cd_2.conda
  sha256: 4d49ea72e2f44d2d7a8be5472e4bd0bc2c6b89c55569de2c43576363a0685c0c
  md5: 34709a1f5df44e054c4a12ab536c5459
  depends:
  - __osx >=10.13
  - libbrotlicommon 1.1.0 h00291cd_2
  license: MIT
  license_family: MIT
  purls: []
  size: 29872
  timestamp: 1725267807289
- conda: https://conda.anaconda.org/conda-forge/osx-64/libbrotlienc-1.1.0-h00291cd_2.conda
  sha256: 477d236d389473413a1ccd2bec1b66b2f1d2d7d1b4a57bb56421b7b611a56cd1
  md5: 691f0dcb36f1ae67f5c489f20ae987ea
  depends:
  - __osx >=10.13
  - libbrotlicommon 1.1.0 h00291cd_2
  license: MIT
  license_family: MIT
  purls: []
  size: 296353
  timestamp: 1725267822076
- conda: https://conda.anaconda.org/conda-forge/osx-64/libcblas-3.9.0-31_hff6cab4_openblas.conda
  build_number: 31
  sha256: a64b24e195f7790722e1557ff5ed9ecceaaf85559b182d0d03fa61c1fd60326c
  md5: c655cc2b0c48ec454f7a4db92415d012
  depends:
  - libblas 3.9.0 31_h7f60823_openblas
  constrains:
  - liblapacke =3.9.0=31*_openblas
  - blas =2.131=openblas
  - liblapack =3.9.0=31*_openblas
  license: BSD-3-Clause
  license_family: BSD
  purls: []
  size: 17006
  timestamp: 1740087955460
- conda: https://conda.anaconda.org/conda-forge/osx-64/libcurl-8.13.0-h5dec5d8_0.conda
  sha256: 137d92f1107141d9eb39598fb05837be4f9aad4ead957194d94364834f3cc590
  md5: a35b1976d746d55cd7380c8842d9a1b5
  depends:
  - __osx >=10.13
  - krb5 >=1.21.3,<1.22.0a0
  - libnghttp2 >=1.64.0,<2.0a0
  - libssh2 >=1.11.1,<2.0a0
  - libzlib >=1.3.1,<2.0a0
  - openssl >=3.4.1,<4.0a0
  - zstd >=1.5.7,<1.6.0a0
  license: curl
  license_family: MIT
  purls: []
  size: 418479
  timestamp: 1743601943696
- conda: https://conda.anaconda.org/conda-forge/osx-64/libcxx-20.1.3-hf95d169_0.conda
  sha256: a4b493e0f76b20ff14e0f1f93c92882663c4f23c4488d8de3f6bbf1311b9c41e
  md5: 022f109787a9624301ddbeb39519ff13
  depends:
  - __osx >=10.13
  license: Apache-2.0 WITH LLVM-exception
  license_family: Apache
  purls: []
  size: 560376
  timestamp: 1744843903291
- conda: https://conda.anaconda.org/conda-forge/osx-64/libdeflate-1.23-hcc1b750_0.conda
  sha256: 9105bb8656649f9676008f95b0f058d2b8ef598e058190dcae1678d6ebc1f9b3
  md5: 5d3507f22dda24f7d9a79325ad313e44
  depends:
  - __osx >=10.13
  license: MIT
  purls: []
  size: 69911
  timestamp: 1745260530684
- conda: https://conda.anaconda.org/conda-forge/osx-64/libedit-3.1.20250104-pl5321ha958ccf_0.conda
  sha256: 6cc49785940a99e6a6b8c6edbb15f44c2dd6c789d9c283e5ee7bdfedd50b4cd6
  md5: 1f4ed31220402fcddc083b4bff406868
  depends:
  - ncurses
  - __osx >=10.13
  - ncurses >=6.5,<7.0a0
  license: BSD-2-Clause
  license_family: BSD
  purls: []
  size: 115563
  timestamp: 1738479554273
- conda: https://conda.anaconda.org/conda-forge/osx-64/libev-4.33-h10d778d_2.conda
  sha256: 0d238488564a7992942aa165ff994eca540f687753b4f0998b29b4e4d030ff43
  md5: 899db79329439820b7e8f8de41bca902
  license: BSD-2-Clause
  license_family: BSD
  purls: []
  size: 106663
  timestamp: 1702146352558
- conda: https://conda.anaconda.org/conda-forge/osx-64/libexpat-2.7.0-h240833e_0.conda
  sha256: 976f2e23ad2bb2b8e92c99bfa2ead3ad557b17a129b170f7e2dfcf233193dd7e
  md5: 026d0a1056ba2a3dbbea6d4b08188676
  depends:
  - __osx >=10.13
  constrains:
  - expat 2.7.0.*
  license: MIT
  license_family: MIT
  purls: []
  size: 71894
  timestamp: 1743431912423
- conda: https://conda.anaconda.org/conda-forge/osx-64/libffi-3.4.6-h281671d_1.conda
  sha256: 6394b1bc67c64a21a5cc73d1736d1d4193a64515152e861785c44d2cfc49edf3
  md5: 4ca9ea59839a9ca8df84170fab4ceb41
  depends:
  - __osx >=10.13
  license: MIT
  license_family: MIT
  purls: []
  size: 51216
  timestamp: 1743434595269
- conda: https://conda.anaconda.org/conda-forge/osx-64/libfreetype-2.13.3-h694c41f_1.conda
  sha256: afe0e2396844c8cfdd6256ac84cabc9af823b1727f704c137b030b85839537a6
  md5: 07c8d3fbbe907f32014b121834b36dd5
  depends:
  - libfreetype6 >=2.13.3
  license: GPL-2.0-only OR FTL
  purls: []
  size: 7805
  timestamp: 1745370212559
- conda: https://conda.anaconda.org/conda-forge/osx-64/libfreetype6-2.13.3-h40dfd5c_1.conda
  sha256: 058165962aa64fc5a6955593212c0e1ea42ca6d6dba60ee61dff612d4c3818d7
  md5: c76e6f421a0e95c282142f820835e186
  depends:
  - __osx >=10.13
  - libpng >=1.6.47,<1.7.0a0
  - libzlib >=1.3.1,<2.0a0
  constrains:
  - freetype >=2.13.3
  license: GPL-2.0-only OR FTL
  purls: []
  size: 357654
  timestamp: 1745370210187
- conda: https://conda.anaconda.org/conda-forge/osx-64/libgfortran-14.2.0-hef36b68_105.conda
  sha256: 984040aa98dedcfbe1cf59befd73740e30d368b96cbfa17c002297e67fa5af23
  md5: 6b27baf030f5d6603713c7e72d3f6b9a
  depends:
  - libgfortran5 14.2.0 h58528f3_105
  license: GPL-3.0-only WITH GCC-exception-3.1
  license_family: GPL
  purls: []
  size: 155635
  timestamp: 1743911593527
- conda: https://conda.anaconda.org/conda-forge/osx-64/libgfortran5-14.2.0-h58528f3_105.conda
  sha256: 02fc48106e1ca65cf7de15f58ec567f866f6e8e9dcced157d0cff89f0768bb59
  md5: 94560312ff3c78225bed62ab59854c31
  depends:
  - llvm-openmp >=8.0.0
  constrains:
  - libgfortran 14.2.0
  license: GPL-3.0-only WITH GCC-exception-3.1
  license_family: GPL
  purls: []
  size: 1224385
  timestamp: 1743911552203
- conda: https://conda.anaconda.org/conda-forge/osx-64/libjpeg-turbo-3.1.0-h6e16a3a_0.conda
  sha256: 9c0009389c1439ec96a08e3bf7731ac6f0eab794e0a133096556a9ae10be9c27
  md5: 87537967e6de2f885a9fcebd42b7cb10
  depends:
  - __osx >=10.13
  constrains:
  - jpeg <0.0.0a
  license: IJG AND BSD-3-Clause AND Zlib
  purls: []
  size: 586456
  timestamp: 1745268522731
- conda: https://conda.anaconda.org/conda-forge/osx-64/liblapack-3.9.0-31_h236ab99_openblas.conda
  build_number: 31
  sha256: 2d5642b07b56037ab735e5d64309dd905d5acb207a1b2ab1692f811b55a64825
  md5: d0f3bc17e0acef003cb9d9195a205888
  depends:
  - libblas 3.9.0 31_h7f60823_openblas
  constrains:
  - libcblas =3.9.0=31*_openblas
  - blas =2.131=openblas
  - liblapacke =3.9.0=31*_openblas
  license: BSD-3-Clause
  license_family: BSD
  purls: []
  size: 17033
  timestamp: 1740087965941
- conda: https://conda.anaconda.org/conda-forge/osx-64/liblzma-5.8.1-hd471939_0.conda
  sha256: 3369b8ef0b544d17aebc530a687c0480051e825e8ffcd001b1a5f594fe276159
  md5: 8e1197f652c67e87a9ece738d82cef4f
  depends:
  - __osx >=10.13
  license: 0BSD
  purls: []
  size: 104689
  timestamp: 1743771137842
- conda: https://conda.anaconda.org/conda-forge/osx-64/libmpdec-4.0.0-hfdf4475_0.conda
  sha256: 791be3d30d8e37ec49bcc23eb8f1e1415d911a7c023fa93685f2ea485179e258
  md5: ed625b2e59dff82859c23dd24774156b
  depends:
  - __osx >=10.13
  license: BSD-2-Clause
  license_family: BSD
  purls: []
  size: 76561
  timestamp: 1723817691512
- conda: https://conda.anaconda.org/conda-forge/osx-64/libnghttp2-1.64.0-hc7306c3_0.conda
  sha256: 0dcfdcf3a445d2d7de4f3b186ab0a794dc872f4ea21622f9b997be72712c027f
  md5: ab21007194b97beade22ceb7a3f6fee5
  depends:
  - __osx >=10.13
  - c-ares >=1.34.2,<2.0a0
  - libcxx >=17
  - libev >=4.33,<4.34.0a0
  - libev >=4.33,<5.0a0
  - libzlib >=1.3.1,<2.0a0
  - openssl >=3.3.2,<4.0a0
  license: MIT
  license_family: MIT
  purls: []
  size: 606663
  timestamp: 1729572019083
- conda: https://conda.anaconda.org/conda-forge/osx-64/libopenblas-0.3.29-openmp_hbf64a52_0.conda
  sha256: fbb413923f91cb80a4d23725816499b921dd87454121efcde107abc7772c937a
  md5: a30dc52b2a8b6300f17eaabd2f940d41
  depends:
  - __osx >=10.13
  - libgfortran >=5
  - libgfortran5 >=13.2.0
  - llvm-openmp >=18.1.8
  constrains:
  - openblas >=0.3.29,<0.3.30.0a0
  license: BSD-3-Clause
  license_family: BSD
  purls: []
  size: 6170847
  timestamp: 1739826107594
- conda: https://conda.anaconda.org/conda-forge/osx-64/libpng-1.6.47-h3c4a55f_0.conda
  sha256: d00a144698debb226a01646c72eff15917eb0143f92c92e1b61ce457d9367b89
  md5: 8461ab86d2cdb76d6e971aab225be73f
  depends:
  - __osx >=10.13
  - libzlib >=1.3.1,<2.0a0
  license: zlib-acknowledgement
  purls: []
  size: 266874
  timestamp: 1739953034029
- conda: https://conda.anaconda.org/conda-forge/osx-64/libsqlite-3.49.1-hdb6dae5_2.conda
  sha256: 82695c9b16a702de615c8303387384c6ec5cf8b98e16458e5b1935b950e4ec38
  md5: 1819e770584a7e83a81541d8253cbabe
  depends:
  - __osx >=10.13
  - libzlib >=1.3.1,<2.0a0
  license: Unlicense
  purls: []
  size: 977701
  timestamp: 1742083869897
- conda: https://conda.anaconda.org/conda-forge/osx-64/libssh2-1.11.1-h3dc7d44_0.conda
  sha256: ef2a81c9a15080b996a37f0e1712881da90a710b234e63d8539d69892353de90
  md5: b1caec4561059e43a5d056684c5a2de0
  depends:
  - __osx >=10.13
  - libzlib >=1.3.1,<2.0a0
  - openssl >=3.4.0,<4.0a0
  license: BSD-3-Clause
  license_family: BSD
  purls: []
  size: 283874
  timestamp: 1732349525684
- conda: https://conda.anaconda.org/conda-forge/osx-64/libtiff-4.7.0-hb77a491_4.conda
  sha256: 2bf372fb7da33a25b3c555e2f40ffab5f6b1f2a01a0c14a0a3b2f4eaa372564d
  md5: b36d793dd65b28e3aeaa3a77abe71678
  depends:
  - __osx >=10.13
  - lerc >=4.0.0,<5.0a0
  - libcxx >=18
  - libdeflate >=1.23,<1.24.0a0
  - libjpeg-turbo >=3.1.0,<4.0a0
  - liblzma >=5.8.1,<6.0a0
  - libwebp-base >=1.5.0,<2.0a0
  - libzlib >=1.3.1,<2.0a0
  - zstd >=1.5.7,<1.6.0a0
  license: HPND
  purls: []
  size: 400931
  timestamp: 1745372828096
- conda: https://conda.anaconda.org/conda-forge/osx-64/libwebp-base-1.5.0-h6cf52b4_0.conda
  sha256: 7f110eba04150f1fe5fe297f08fb5b82463eed74d1f068bc67c96637f9c63569
  md5: 5e0cefc99a231ac46ba21e27ae44689f
  depends:
  - __osx >=10.13
  constrains:
  - libwebp 1.5.0
  license: BSD-3-Clause
  license_family: BSD
  purls: []
  size: 357662
  timestamp: 1734777539822
- conda: https://conda.anaconda.org/conda-forge/osx-64/libxcb-1.17.0-hf1f96e2_0.conda
  sha256: 8896cd5deff6f57d102734f3e672bc17120613647288f9122bec69098e839af7
  md5: bbeca862892e2898bdb45792a61c4afc
  depends:
  - __osx >=10.13
  - pthread-stubs
  - xorg-libxau >=1.0.11,<2.0a0
  - xorg-libxdmcp
  license: MIT
  license_family: MIT
  purls: []
  size: 323770
  timestamp: 1727278927545
- conda: https://conda.anaconda.org/conda-forge/osx-64/libzlib-1.3.1-hd23fc13_2.conda
  sha256: 8412f96504fc5993a63edf1e211d042a1fd5b1d51dedec755d2058948fcced09
  md5: 003a54a4e32b02f7355b50a837e699da
  depends:
  - __osx >=10.13
  constrains:
  - zlib 1.3.1 *_2
  license: Zlib
  license_family: Other
  purls: []
  size: 57133
  timestamp: 1727963183990
- conda: https://conda.anaconda.org/conda-forge/osx-64/llvm-openmp-20.1.3-ha54dae1_0.conda
  sha256: deaba16df3fd04910255188dfbd2924d07476375a2e75472859b3c6a9fabd60b
  md5: 16b29a91c8177de8910477ded0f80191
  depends:
  - __osx >=10.13
  constrains:
  - openmp 20.1.3|20.1.3.*
  license: Apache-2.0 WITH LLVM-exception
  license_family: APACHE
  purls: []
  size: 306693
  timestamp: 1744934078427
- conda: https://conda.anaconda.org/conda-forge/osx-64/matplotlib-base-3.10.1-py313he981572_0.conda
  sha256: 5c69f6c8718ec81385f5c0cac5487204a7ed2efe857243397cc61850e6cb4b94
  md5: 45a80d45944fbc43f081d719b23bf366
  depends:
  - __osx >=10.13
  - contourpy >=1.0.1
  - cycler >=0.10
  - fonttools >=4.22.0
  - freetype >=2.12.1,<3.0a0
  - kiwisolver >=1.3.1
  - libcxx >=18
  - numpy >=1.21,<3
  - numpy >=1.23
  - packaging >=20.0
  - pillow >=8
  - pyparsing >=2.3.1
  - python >=3.13,<3.14.0a0
  - python-dateutil >=2.7
  - python_abi 3.13.* *_cp313
  - qhull >=2020.2,<2020.3.0a0
  license: PSF-2.0
  license_family: PSF
  purls:
  - pkg:pypi/matplotlib?source=hash-mapping
  size: 8176257
  timestamp: 1740781253277
- conda: https://conda.anaconda.org/conda-forge/osx-64/msgpack-python-1.1.0-py313h0c4e38b_0.conda
  sha256: 0c6b789b16f43dbee013ea4f338aa0754bc7afd2b298eabab0f552d13158d8b0
  md5: 74f9203e717afb9753b5c3604b4c6bd0
  depends:
  - __osx >=10.13
  - libcxx >=17
  - python >=3.13.0rc2,<3.14.0a0
  - python_abi 3.13.* *_cp313
  license: Apache-2.0
  license_family: Apache
  purls:
  - pkg:pypi/msgpack?source=hash-mapping
  size: 90527
  timestamp: 1725975171256
- conda: https://conda.anaconda.org/conda-forge/noarch/munkres-1.1.4-pyh9f0ad1d_0.tar.bz2
  sha256: f86fb22b58e93d04b6f25e0d811b56797689d598788b59dcb47f59045b568306
  md5: 2ba8498c1018c1e9c61eb99b973dfe19
  depends:
  - python
  license: Apache-2.0
  license_family: Apache
  purls:
  - pkg:pypi/munkres?source=hash-mapping
  size: 12452
  timestamp: 1600387789153
- conda: https://conda.anaconda.org/conda-forge/osx-64/ncurses-6.5-h0622a9a_3.conda
  sha256: ea4a5d27ded18443749aefa49dc79f6356da8506d508b5296f60b8d51e0c4bd9
  md5: ced34dd9929f491ca6dab6a2927aff25
  depends:
  - __osx >=10.13
  license: X11 AND BSD-3-Clause
  purls: []
  size: 822259
  timestamp: 1738196181298
- conda: https://conda.anaconda.org/conda-forge/osx-64/numcodecs-0.15.1-py313h2e7108f_0.conda
  sha256: 8c451b28c7af1f90a95844d0a53e418454c7f2fed020e947f446acbd71743ed2
  md5: 6c2f16f3dd2d5c89d5d29df91b02a2c5
  depends:
  - __osx >=10.13
  - deprecated
  - libcxx >=18
  - msgpack-python
  - numpy >=1.21,<3
  - numpy >=1.24
  - python >=3.13,<3.14.0a0
  - python_abi 3.13.* *_cp313
  license: MIT
  license_family: MIT
  purls:
  - pkg:pypi/numcodecs?source=hash-mapping
  size: 782262
  timestamp: 1739285324543
- conda: https://conda.anaconda.org/conda-forge/osx-64/numpy-2.2.5-py313hc518a0f_0.conda
  sha256: 7714bd0a8a0aa0e508557a9760a4251e586d92b2941642f23454586d98dec462
  md5: eba644ccc203cfde2fa1f450f528c70d
  depends:
  - __osx >=10.13
  - libblas >=3.9.0,<4.0a0
  - libcblas >=3.9.0,<4.0a0
  - libcxx >=18
  - liblapack >=3.9.0,<4.0a0
  - python >=3.13,<3.14.0a0
  - python_abi 3.13.* *_cp313
  constrains:
  - numpy-base <0a0
  license: BSD-3-Clause
  purls:
  - pkg:pypi/numpy?source=hash-mapping
  size: 7670331
  timestamp: 1745119324504
- conda: https://conda.anaconda.org/conda-forge/osx-64/openjpeg-2.5.3-h7fd6d84_0.conda
  sha256: faea03f36c9aa3524c911213b116da41695ff64b952d880551edee2843fe115b
  md5: 025c711177fc3309228ca1a32374458d
  depends:
  - __osx >=10.13
  - libcxx >=18
  - libpng >=1.6.44,<1.7.0a0
  - libtiff >=4.7.0,<4.8.0a0
  - libzlib >=1.3.1,<2.0a0
  license: BSD-2-Clause
  license_family: BSD
  purls: []
  size: 332320
  timestamp: 1733816828284
- conda: https://conda.anaconda.org/conda-forge/osx-64/openssl-3.5.0-hc426f3f_0.conda
  sha256: 7ee137b67f2de89d203e5ac2ebffd6d42252700005bf6af2bbf3dc11a9dfedbd
  md5: e06e13c34056b6334a7a1188b0f4c83c
  depends:
  - __osx >=10.13
  - ca-certificates
  license: Apache-2.0
  license_family: Apache
  purls: []
  size: 2737547
  timestamp: 1744140967264
- conda: https://conda.anaconda.org/conda-forge/noarch/packaging-25.0-pyh29332c3_1.conda
  sha256: 289861ed0c13a15d7bbb408796af4de72c2fe67e2bcb0de98f4c3fce259d7991
  md5: 58335b26c38bf4a20f399384c33cbcf9
  depends:
  - python >=3.8
  - python
  license: Apache-2.0
  purls:
  - pkg:pypi/packaging?source=compressed-mapping
  size: 62477
  timestamp: 1745345660407
- conda: https://conda.anaconda.org/conda-forge/osx-64/pandas-2.2.3-py313h2e7108f_3.conda
  sha256: b2b2d512481ce83d4f92c4b6f3b48efa6be532640ad1f3ffdf5def978544344b
  md5: 5c37fc7549913fc4895d7d2e097091ed
  depends:
  - __osx >=10.13
  - libcxx >=18
  - numpy >=1.21,<3
  - numpy >=1.22.4
  - python >=3.13,<3.14.0a0
  - python-dateutil >=2.8.2
  - python-tzdata >=2022.7
  - python_abi 3.13.* *_cp313
  - pytz >=2020.1
  constrains:
  - html5lib >=1.1
  - openpyxl >=3.1.0
  - xarray >=2022.12.0
  - pyarrow >=10.0.1
  - bottleneck >=1.3.6
  - scipy >=1.10.0
  - fastparquet >=2022.12.0
  - blosc >=1.21.3
  - odfpy >=1.4.1
  - lxml >=4.9.2
  - sqlalchemy >=2.0.0
  - beautifulsoup4 >=4.11.2
  - qtpy >=2.3.0
  - zstandard >=0.19.0
  - xlsxwriter >=3.0.5
  - matplotlib >=3.6.3
  - gcsfs >=2022.11.0
  - tzdata >=2022.7
  - numba >=0.56.4
  - python-calamine >=0.1.7
  - pyxlsb >=1.0.10
  - xlrd >=2.0.1
  - pyreadstat >=1.2.0
  - numexpr >=2.8.4
  - pandas-gbq >=0.19.0
  - psycopg2 >=2.9.6
  - tabulate >=0.9.0
  - pyqt5 >=5.15.9
  - pytables >=3.8.0
  - fsspec >=2022.11.0
  - s3fs >=2022.11.0
  license: BSD-3-Clause
  license_family: BSD
  purls:
  - pkg:pypi/pandas?source=hash-mapping
  size: 14631632
  timestamp: 1744430964635
- conda: https://conda.anaconda.org/conda-forge/osx-64/pillow-11.1.0-py313h0c4f865_0.conda
  sha256: b577001f1d0f61b25b950f35ba300f49de96026dda17408fd19e5a99604e0896
  md5: 11b4dd7a814202f2a0b655420f1c1c3a
  depends:
  - __osx >=10.13
  - freetype >=2.12.1,<3.0a0
  - lcms2 >=2.16,<3.0a0
  - libjpeg-turbo >=3.0.0,<4.0a0
  - libtiff >=4.7.0,<4.8.0a0
  - libwebp-base >=1.5.0,<2.0a0
  - libxcb >=1.17.0,<2.0a0
  - libzlib >=1.3.1,<2.0a0
  - openjpeg >=2.5.3,<3.0a0
  - python >=3.13,<3.14.0a0
  - python_abi 3.13.* *_cp313
  - tk >=8.6.13,<8.7.0a0
  license: HPND
  purls:
  - pkg:pypi/pillow?source=hash-mapping
  size: 41831523
  timestamp: 1735929939914
- conda: https://conda.anaconda.org/conda-forge/osx-64/proj-9.6.0-h5273da6_1.conda
  sha256: 9b723eccc3f517751e122fe0806b17689ae0c3a69f96f866cc0a98870a2ae53c
  md5: 5b67849f4f391cb310e1714112456110
  depends:
  - __osx >=10.13
  - libcurl >=8.13.0,<9.0a0
  - libcxx >=18
  - libsqlite >=3.49.1,<4.0a0
  - libtiff >=4.7.0,<4.8.0a0
  - sqlite
  constrains:
  - proj4 ==999999999999
  license: MIT
  license_family: MIT
  purls: []
  size: 2863533
  timestamp: 1743652100862
- conda: https://conda.anaconda.org/conda-forge/osx-64/pthread-stubs-0.4-h00291cd_1002.conda
  sha256: 05944ca3445f31614f8c674c560bca02ff05cb51637a96f665cb2bbe496099e5
  md5: 8bcf980d2c6b17094961198284b8e862
  depends:
  - __osx >=10.13
  license: MIT
  license_family: MIT
  purls: []
  size: 8364
  timestamp: 1726802331537
- conda: https://conda.anaconda.org/conda-forge/noarch/pyparsing-3.2.3-pyhd8ed1ab_1.conda
  sha256: b92afb79b52fcf395fd220b29e0dd3297610f2059afac45298d44e00fcbf23b6
  md5: 513d3c262ee49b54a8fec85c5bc99764
  depends:
  - python >=3.9
  license: MIT
  license_family: MIT
  purls:
  - pkg:pypi/pyparsing?source=hash-mapping
  size: 95988
  timestamp: 1743089832359
- conda: https://conda.anaconda.org/conda-forge/osx-64/pyproj-3.7.1-py313h0718947_1.conda
  sha256: 5c73801780449af97586cec5d455192267c49dc8506afe9bc1f052ead3950125
  md5: 7f34c0029fd95a4a6d430e17e8b7c816
  depends:
  - __osx >=10.13
  - certifi
  - proj >=9.6.0,<9.7.0a0
  - python >=3.13,<3.14.0a0
  - python_abi 3.13.* *_cp313
  license: MIT
  license_family: MIT
  purls:
  - pkg:pypi/pyproj?source=hash-mapping
  size: 511515
  timestamp: 1742323587482
- conda: https://conda.anaconda.org/conda-forge/noarch/pyshp-2.3.1-pyhd8ed1ab_1.conda
  sha256: a721b3663d1917f3c9caa01069d23c44b0a378a6d3639f7e4f7b06887a9ac9bf
  md5: 856b387c270e9eaf6e41e978057a2b62
  depends:
  - python >=3.9
  license: MIT
  license_family: MIT
  purls:
  - pkg:pypi/pyshp?source=hash-mapping
  size: 427368
  timestamp: 1733821648154
- conda: https://conda.anaconda.org/conda-forge/osx-64/python-3.13.3-h534c281_101_cp313.conda
  build_number: 101
  sha256: fe70f145472820922a01279165b96717815dcd4f346ad9a2f2338045d8818930
  md5: ebcc7c42561d8d8b01477020b63218c0
  depends:
  - __osx >=10.13
  - bzip2 >=1.0.8,<2.0a0
  - libexpat >=2.7.0,<3.0a0
  - libffi >=3.4.6,<3.5.0a0
  - liblzma >=5.8.1,<6.0a0
  - libmpdec >=4.0.0,<5.0a0
  - libsqlite >=3.49.1,<4.0a0
  - libzlib >=1.3.1,<2.0a0
  - ncurses >=6.5,<7.0a0
  - openssl >=3.5.0,<4.0a0
  - python_abi 3.13.* *_cp313
  - readline >=8.2,<9.0a0
  - tk >=8.6.13,<8.7.0a0
  - tzdata
  license: Python-2.0
  purls: []
  size: 13875464
  timestamp: 1744664784298
  python_site_packages_path: lib/python3.13/site-packages
- conda: https://conda.anaconda.org/conda-forge/noarch/python-dateutil-2.9.0.post0-pyhff2d567_1.conda
  sha256: a50052536f1ef8516ed11a844f9413661829aa083304dc624c5925298d078d79
  md5: 5ba79d7c71f03c678c8ead841f347d6e
  depends:
  - python >=3.9
  - six >=1.5
  license: Apache-2.0
  license_family: APACHE
  purls:
  - pkg:pypi/python-dateutil?source=hash-mapping
  size: 222505
  timestamp: 1733215763718
- conda: https://conda.anaconda.org/conda-forge/noarch/python-tzdata-2025.2-pyhd8ed1ab_0.conda
  sha256: e8392a8044d56ad017c08fec2b0eb10ae3d1235ac967d0aab8bd7b41c4a5eaf0
  md5: 88476ae6ebd24f39261e0854ac244f33
  depends:
  - python >=3.9
  license: Apache-2.0
  license_family: APACHE
  purls:
  - pkg:pypi/tzdata?source=compressed-mapping
  size: 144160
  timestamp: 1742745254292
- conda: https://conda.anaconda.org/conda-forge/noarch/python_abi-3.13-7_cp313.conda
  build_number: 7
  sha256: 0595134584589064f56e67d3de1d8fcbb673a972946bce25fb593fb092fdcd97
  md5: e84b44e6300f1703cb25d29120c5b1d8
  constrains:
  - python 3.13.* *_cp313
  license: BSD-3-Clause
  license_family: BSD
  purls: []
  size: 6988
  timestamp: 1745258852285
- conda: https://conda.anaconda.org/conda-forge/noarch/pytz-2025.2-pyhd8ed1ab_0.conda
  sha256: 8d2a8bf110cc1fc3df6904091dead158ba3e614d8402a83e51ed3a8aa93cdeb0
  md5: bc8e3267d44011051f2eb14d22fb0960
  depends:
  - python >=3.9
  license: MIT
  license_family: MIT
  purls:
  - pkg:pypi/pytz?source=compressed-mapping
  size: 189015
  timestamp: 1742920947249
- conda: https://conda.anaconda.org/conda-forge/osx-64/pyyaml-6.0.2-py313h717bdf5_2.conda
  sha256: 27501e9b3b5c6bfabb3068189fd40c650356a258e4a82b0cfe31c60f568dcb85
  md5: b7f2984724531d2233b77c89c54be594
  depends:
  - __osx >=10.13
  - python >=3.13,<3.14.0a0
  - python_abi 3.13.* *_cp313
  - yaml >=0.2.5,<0.3.0a0
  license: MIT
  license_family: MIT
  purls:
  - pkg:pypi/pyyaml?source=hash-mapping
  size: 196573
  timestamp: 1737455046063
- conda: https://conda.anaconda.org/conda-forge/osx-64/qhull-2020.2-h3c5361c_5.conda
  sha256: 79d804fa6af9c750e8b09482559814ae18cd8df549ecb80a4873537a5a31e06e
  md5: dd1ea9ff27c93db7c01a7b7656bd4ad4
  depends:
  - __osx >=10.13
  - libcxx >=16
  license: LicenseRef-Qhull
  purls: []
  size: 528122
  timestamp: 1720814002588
- conda: https://conda.anaconda.org/conda-forge/osx-64/readline-8.2-h7cca4af_2.conda
  sha256: 53017e80453c4c1d97aaf78369040418dea14cf8f46a2fa999f31bd70b36c877
  md5: 342570f8e02f2f022147a7f841475784
  depends:
  - ncurses >=6.5,<7.0a0
  license: GPL-3.0-only
  license_family: GPL
  purls: []
  size: 256712
  timestamp: 1740379577668
- conda: https://conda.anaconda.org/conda-forge/osx-64/scipy-1.15.2-py313h7e69c36_0.conda
  sha256: 17f8a4eab61085516db8ae7ff202a82d017443fd284e099a503c3e13e4bee38b
  md5: 53c23f87aedf2d139d54c88894c8a07f
  depends:
  - __osx >=10.13
  - libblas >=3.9.0,<4.0a0
  - libcblas >=3.9.0,<4.0a0
  - libcxx >=18
  - libgfortran >=5
  - libgfortran5 >=13.2.0
  - liblapack >=3.9.0,<4.0a0
  - numpy <2.5
  - numpy >=1.21,<3
  - numpy >=1.23.5
  - python >=3.13,<3.14.0a0
  - python_abi 3.13.* *_cp313
  license: BSD-3-Clause
  license_family: BSD
  purls:
  - pkg:pypi/scipy?source=hash-mapping
  size: 15544151
  timestamp: 1739791810869
- conda: https://conda.anaconda.org/conda-forge/osx-64/shapely-2.1.0-py313h11e92a8_0.conda
  sha256: 5f14a536bf5723db1ffbb0c4019adc2cdba9cea26fc01660fd55d92c9adb06ac
  md5: 9c27fcb3f70b4a559615aff9e963381c
  depends:
  - __osx >=10.13
  - geos >=3.13.1,<3.13.2.0a0
  - numpy >=1.21,<3
  - python >=3.13,<3.14.0a0
  - python_abi 3.13.* *_cp313
  license: BSD-3-Clause
  license_family: BSD
  purls:
  - pkg:pypi/shapely?source=hash-mapping
  size: 621035
  timestamp: 1743678622200
- conda: https://conda.anaconda.org/conda-forge/noarch/six-1.17.0-pyhd8ed1ab_0.conda
  sha256: 41db0180680cc67c3fa76544ffd48d6a5679d96f4b71d7498a759e94edc9a2db
  md5: a451d576819089b0d672f18768be0f65
  depends:
  - python >=3.9
  license: MIT
  license_family: MIT
  purls:
  - pkg:pypi/six?source=hash-mapping
  size: 16385
  timestamp: 1733381032766
- conda: https://conda.anaconda.org/conda-forge/osx-64/sqlite-3.49.1-h2e4c9dc_2.conda
  sha256: 38fff9dddfa80f01a9f0cba3d5f00ff2ca29a8a246cb9cf41177b7cead78005c
  md5: 775febaf021c23b27b8b04b2fa428388
  depends:
  - __osx >=10.13
  - libsqlite 3.49.1 hdb6dae5_2
  - libzlib >=1.3.1,<2.0a0
  - ncurses >=6.5,<7.0a0
  - readline >=8.2,<9.0a0
  license: Unlicense
  purls: []
  size: 941074
  timestamp: 1742083889419
- conda: https://conda.anaconda.org/conda-forge/osx-64/tk-8.6.13-h1abcd95_1.conda
  sha256: 30412b2e9de4ff82d8c2a7e5d06a15f4f4fef1809a72138b6ccb53a33b26faf5
  md5: bf830ba5afc507c6232d4ef0fb1a882d
  depends:
  - libzlib >=1.2.13,<2.0.0a0
  license: TCL
  license_family: BSD
  purls: []
  size: 3270220
  timestamp: 1699202389792
- conda: https://conda.anaconda.org/conda-forge/noarch/typing_extensions-4.13.2-pyh29332c3_0.conda
  sha256: a8aaf351e6461de0d5d47e4911257e25eec2fa409d71f3b643bb2f748bde1c08
  md5: 83fc6ae00127671e301c9f44254c31b8
  depends:
  - python >=3.9
  - python
  license: PSF-2.0
  license_family: PSF
  purls:
  - pkg:pypi/typing-extensions?source=compressed-mapping
  size: 52189
  timestamp: 1744302253997
- conda: https://conda.anaconda.org/conda-forge/noarch/tzdata-2025b-h78e105d_0.conda
  sha256: 5aaa366385d716557e365f0a4e9c3fca43ba196872abbbe3d56bb610d131e192
  md5: 4222072737ccff51314b5ece9c7d6f5a
  license: LicenseRef-Public-Domain
  purls: []
  size: 122968
  timestamp: 1742727099393
- pypi: .
  name: ugview
  version: 0.1.0
  sha256: fdb5874f6f23e4483365b97cf4f1e94c35e96a25ffd3f28164d56ff09a7d85ec
  requires_python: '>=3.11'
  editable: true
- conda: https://conda.anaconda.org/conda-forge/osx-64/wrapt-1.17.2-py313h63b0ddb_0.conda
  sha256: 796b1bd250909798d513fb7bb38f62a04cfb0ac7bef59a9d671acf9f2e7fbc19
  md5: 8269b251c18248e87c2d3ebb26d81893
  depends:
  - __osx >=10.13
  - python >=3.13,<3.14.0a0
  - python_abi 3.13.* *_cp313
  license: BSD-2-Clause
  license_family: BSD
  purls:
  - pkg:pypi/wrapt?source=hash-mapping
  size: 60989
  timestamp: 1736869846646
- conda: https://conda.anaconda.org/conda-forge/noarch/xarray-2025.3.1-pyhd8ed1ab_0.conda
  sha256: e2b175eaee8ac7eebd4bf136d03dc1586f0f4b23a3a3ce92852083e3c1bc4f81
  md5: 976dd71c7eade7422717aa192afd1c71
  depends:
  - numpy >=1.24
  - packaging >=23.2
  - pandas >=2.1
  - python >=3.10
  constrains:
  - bottleneck >=1.3
  - hdf5 >=1.12
  - dask-core >=2023.11
  - seaborn-base >=0.13
  - cartopy >=0.22
  - flox >=0.7
  - numba >=0.57
  - h5netcdf >=1.3
  - sparse >=0.14
  - zarr >=2.16
  - netcdf4 >=1.6.0
  - toolz >=0.12
  - nc-time-axis >=1.4
  - cftime >=1.6
  - matplotlib-base >=3.8
  - scipy >=1.11
  - distributed >=2023.11
  - h5py >=3.8
  - iris >=3.7
  - pint >=0.22
  license: Apache-2.0
  license_family: APACHE
  purls:
  - pkg:pypi/xarray?source=compressed-mapping
  size: 854249
  timestamp: 1743444491374
- conda: https://conda.anaconda.org/conda-forge/osx-64/xorg-libxau-1.0.12-h6e16a3a_0.conda
  sha256: b4d2225135aa44e551576c4f3cf999b3252da6ffe7b92f0ad45bb44b887976fc
  md5: 4cf40e60b444d56512a64f39d12c20bd
  depends:
  - __osx >=10.13
  license: MIT
  license_family: MIT
  purls: []
  size: 13290
  timestamp: 1734229077182
- conda: https://conda.anaconda.org/conda-forge/osx-64/xorg-libxdmcp-1.1.5-h00291cd_0.conda
  sha256: bb4d1ef9cafef535494adf9296130b6193b3a44375883185b5167de03eb1ac7f
  md5: 9f438e1b6f4e73fd9e6d78bfe7c36743
  depends:
  - __osx >=10.13
  license: MIT
  license_family: MIT
  purls: []
  size: 18465
  timestamp: 1727794980957
- conda: https://conda.anaconda.org/conda-forge/osx-64/yaml-0.2.5-h0d85af4_2.tar.bz2
  sha256: 5301417e2c8dea45b401ffee8df3957d2447d4ce80c83c5ff151fc6bfe1c4148
  md5: d7e08fcf8259d742156188e8762b4d20
  license: MIT
  license_family: MIT
  purls: []
  size: 84237
  timestamp: 1641347062780
- conda: https://conda.anaconda.org/conda-forge/noarch/zarr-3.0.7-pyhd8ed1ab_0.conda
  sha256: 1c4025feaf4f10d1f79e32c980245bab8307f029878eaf4e9d7407c5ba1abf48
  md5: 7619c4221949d37c41b73984a442215e
  depends:
  - crc32c
  - donfig >=0.8
  - numcodecs >=0.14
  - numpy >=1.25
  - packaging >=22.0
  - python >=3.11
  - typing_extensions >=4.9
  constrains:
  - fsspec >=2023.10.0
  license: MIT
  purls:
  - pkg:pypi/zarr?source=hash-mapping
  size: 211519
  timestamp: 1745255918506
- conda: https://conda.anaconda.org/conda-forge/osx-64/zstd-1.5.7-h8210216_2.conda
  sha256: c171c43d0c47eed45085112cb00c8c7d4f0caa5a32d47f2daca727e45fb98dca
  md5: cd60a4a5a8d6a476b30d8aa4bb49251a
  depends:
  - __osx >=10.13
  - libzlib >=1.3.1,<2.0a0
  license: BSD-3-Clause
  license_family: BSD
  purls: []
  size: 485754
  timestamp: 1742433356230
